
Microsoft Visual Studio Solution File, Format Version 12.00
# Visual Studio Version 17
VisualStudioVersion = 17.1.32421.90
MinimumVisualStudioVersion = 10.0.40219.1
Project("{2150E333-8FDC-42A3-9474-1A3956D46DE8}") = "src", "src", "{F34D697C-347B-4E27-A1A4-54EDC9656971}"
EndProject
Project("{2150E333-8FDC-42A3-9474-1A3956D46DE8}") = "samples", "samples", "{B527F74A-C031-4B47-B8B8-9F5F77475625}"
EndProject
Project("{9A19103F-16F7-4668-BE54-9A1E7A4F7556}") = "AspNetCoreWithAngular", "samples\AspNetCoreWithAngular\AspNetCoreWithAngular.csproj", "{F6CD8E96-B7D5-4273-8E4D-2390DF0A5C99}"
EndProject
Project("{9A19103F-16F7-4668-BE54-9A1E7A4F7556}") = "AutoForms", "src\AutoForms\AutoForms.csproj", "{00C190D8-5C2A-43E9-94EB-1785441D09E0}"
EndProject
Project("{9A19103F-16F7-4668-BE54-9A1E7A4F7556}") = "AutoForms.Tests", "src\AutoForms.Tests\AutoForms.Tests.csproj", "{D0E9AB2D-3215-4D0F-8471-F3EF5E975EA8}"
EndProject
Global
	GlobalSection(SolutionConfigurationPlatforms) = preSolution
		Debug|Any CPU = Debug|Any CPU
		Release|Any CPU = Release|Any CPU
	EndGlobalSection
	GlobalSection(ProjectConfigurationPlatforms) = postSolution
		{F6CD8E96-B7D5-4273-8E4D-2390DF0A5C99}.Debug|Any CPU.ActiveCfg = Debug|Any CPU
		{F6CD8E96-B7D5-4273-8E4D-2390DF0A5C99}.Debug|Any CPU.Build.0 = Debug|Any CPU
		{F6CD8E96-B7D5-4273-8E4D-2390DF0A5C99}.Release|Any CPU.ActiveCfg = Release|Any CPU
		{F6CD8E96-B7D5-4273-8E4D-2390DF0A5C99}.Release|Any CPU.Build.0 = Release|Any CPU
		{00C190D8-5C2A-43E9-94EB-1785441D09E0}.Debug|Any CPU.ActiveCfg = Debug|Any CPU
		{00C190D8-5C2A-43E9-94EB-1785441D09E0}.Debug|Any CPU.Build.0 = Debug|Any CPU
		{00C190D8-5C2A-43E9-94EB-1785441D09E0}.Release|Any CPU.ActiveCfg = Release|Any CPU
		{00C190D8-5C2A-43E9-94EB-1785441D09E0}.Release|Any CPU.Build.0 = Release|Any CPU
		{D0E9AB2D-3215-4D0F-8471-F3EF5E975EA8}.Debug|Any CPU.ActiveCfg = Debug|Any CPU
		{D0E9AB2D-3215-4D0F-8471-F3EF5E975EA8}.Debug|Any CPU.Build.0 = Debug|Any CPU
		{D0E9AB2D-3215-4D0F-8471-F3EF5E975EA8}.Release|Any CPU.ActiveCfg = Release|Any CPU
		{D0E9AB2D-3215-4D0F-8471-F3EF5E975EA8}.Release|Any CPU.Build.0 = Release|Any CPU
	EndGlobalSection
	GlobalSection(SolutionProperties) = preSolution
		HideSolutionNode = FALSE
	EndGlobalSection
	GlobalSection(NestedProjects) = preSolution
		{F6CD8E96-B7D5-4273-8E4D-2390DF0A5C99} = {B527F74A-C031-4B47-B8B8-9F5F77475625}
		{00C190D8-5C2A-43E9-94EB-1785441D09E0} = {F34D697C-347B-4E27-A1A4-54EDC9656971}
	EndGlobalSection
	GlobalSection(ExtensibilityGlobals) = postSolution
		SolutionGuid = {32F66D2F-6A58-4E4C-8E5F-8324DAB8FA5C}
	EndGlobalSection
EndGlobal
