
Microsoft Visual Studio Solution File, Format Version 12.00
# Visual Studio Version 16
VisualStudioVersion = 16.0.31410.357
MinimumVisualStudioVersion = 10.0.40219.1
Project("{2150E333-8FDC-42A3-9474-1A3956D46DE8}") = "src", "src", "{F34D697C-347B-4E27-A1A4-54EDC9656971}"
EndProject
Project("{2150E333-8FDC-42A3-9474-1A3956D46DE8}") = "samples", "samples", "{B527F74A-C031-4B47-B8B8-9F5F77475625}"
EndProject
Project("{9A19103F-16F7-4668-BE54-9A1E7A4F7556}") = "AspNetCoreWithAngular", "samples\AspNetCoreWithAngular\AspNetCoreWithAngular.csproj", "{F6CD8E96-B7D5-4273-8E4D-2390DF0A5C99}"
EndProject
Project("{9A19103F-16F7-4668-BE54-9A1E7A4F7556}") = "FormBuilder", "src\FormBuilder\FormBuilder.csproj", "{48622B32-7A42-4472-822D-8C481B657789}"
EndProject
Project("{FAE04EC0-301F-11D3-BF4B-00C04F79EFBC}") = "FormBuilder.UnitTests", "FormBuilder.UnitTests\FormBuilder.UnitTests.csproj", "{A95EA6CE-B74D-4FB7-90FE-585294CCAD74}"
EndProject
Global
	GlobalSection(SolutionConfigurationPlatforms) = preSolution
		Debug|Any CPU = Debug|Any CPU
		Release|Any CPU = Release|Any CPU
	EndGlobalSection
	GlobalSection(ProjectConfigurationPlatforms) = postSolution
		{F6CD8E96-B7D5-4273-8E4D-2390DF0A5C99}.Debug|Any CPU.ActiveCfg = Debug|Any CPU
		{F6CD8E96-B7D5-4273-8E4D-2390DF0A5C99}.Debug|Any CPU.Build.0 = Debug|Any CPU
		{F6CD8E96-B7D5-4273-8E4D-2390DF0A5C99}.Release|Any CPU.ActiveCfg = Release|Any CPU
		{F6CD8E96-B7D5-4273-8E4D-2390DF0A5C99}.Release|Any CPU.Build.0 = Release|Any CPU
		{48622B32-7A42-4472-822D-8C481B657789}.Debug|Any CPU.ActiveCfg = Debug|Any CPU
		{48622B32-7A42-4472-822D-8C481B657789}.Debug|Any CPU.Build.0 = Debug|Any CPU
		{48622B32-7A42-4472-822D-8C481B657789}.Release|Any CPU.ActiveCfg = Release|Any CPU
		{48622B32-7A42-4472-822D-8C481B657789}.Release|Any CPU.Build.0 = Release|Any CPU
		{A95EA6CE-B74D-4FB7-90FE-585294CCAD74}.Debug|Any CPU.ActiveCfg = Debug|Any CPU
		{A95EA6CE-B74D-4FB7-90FE-585294CCAD74}.Debug|Any CPU.Build.0 = Debug|Any CPU
		{A95EA6CE-B74D-4FB7-90FE-585294CCAD74}.Release|Any CPU.ActiveCfg = Release|Any CPU
		{A95EA6CE-B74D-4FB7-90FE-585294CCAD74}.Release|Any CPU.Build.0 = Release|Any CPU
	EndGlobalSection
	GlobalSection(SolutionProperties) = preSolution
		HideSolutionNode = FALSE
	EndGlobalSection
	GlobalSection(NestedProjects) = preSolution
		{F6CD8E96-B7D5-4273-8E4D-2390DF0A5C99} = {B527F74A-C031-4B47-B8B8-9F5F77475625}
		{48622B32-7A42-4472-822D-8C481B657789} = {F34D697C-347B-4E27-A1A4-54EDC9656971}
		{A95EA6CE-B74D-4FB7-90FE-585294CCAD74} = {F34D697C-347B-4E27-A1A4-54EDC9656971}
	EndGlobalSection
	GlobalSection(ExtensibilityGlobals) = postSolution
		SolutionGuid = {32F66D2F-6A58-4E4C-8E5F-8324DAB8FA5C}
	EndGlobalSection
EndGlobal
